
Microsoft Visual Studio Solution File, Format Version 12.00
# Visual Studio Version 17
VisualStudioVersion = 17.5.33530.505
MinimumVisualStudioVersion = 10.0.40219.1
Project("{FAE04EC0-301F-11D3-BF4B-00C04F79EFBC}") = "VLM_Middleware", "VLM_Middleware.csproj", "{63C80294-3DB5-4056-A95E-4692DB804D6D}"
EndProject
Global
	GlobalSection(SolutionConfigurationPlatforms) = preSolution
		Debug|Any CPU = Debug|Any CPU
		Release|Any CPU = Release|Any CPU
	EndGlobalSection
	GlobalSection(ProjectConfigurationPlatforms) = postSolution
		{63C80294-3DB5-4056-A95E-4692DB804D6D}.Debug|Any CPU.ActiveCfg = Debug|Any CPU
		{63C80294-3DB5-4056-A95E-4692DB804D6D}.Debug|Any CPU.Build.0 = Debug|Any CPU
		{63C80294-3DB5-4056-A95E-4692DB804D6D}.Release|Any CPU.ActiveCfg = Release|Any CPU
		{63C80294-3DB5-4056-A95E-4692DB804D6D}.Release|Any CPU.Build.0 = Release|Any CPU
	EndGlobalSection
	GlobalSection(SolutionProperties) = preSolution
		HideSolutionNode = FALSE
	EndGlobalSection
	GlobalSection(ExtensibilityGlobals) = postSolution
		SolutionGuid = {EE637972-FB52-49A9-89CC-B00065278F71}
	EndGlobalSection
EndGlobal
